
Microsoft Visual Studio Solution File, Format Version 12.00
# Visual Studio Version 17
VisualStudioVersion = 17.2.32519.379
MinimumVisualStudioVersion = 10.0.40219.1
Project("{FAE04EC0-301F-11D3-BF4B-00C04F79EFBC}") = "AdministracionAPI", "AdministracionAPI\AdministracionAPI.csproj", "{666433CD-3EC9-4D7E-9D56-AC3A46AECD90}"
EndProject
Global
	GlobalSection(SolutionConfigurationPlatforms) = preSolution
		Debug|Any CPU = Debug|Any CPU
		Release|Any CPU = Release|Any CPU
	EndGlobalSection
	GlobalSection(ProjectConfigurationPlatforms) = postSolution
		{666433CD-3EC9-4D7E-9D56-AC3A46AECD90}.Debug|Any CPU.ActiveCfg = Debug|Any CPU
		{666433CD-3EC9-4D7E-9D56-AC3A46AECD90}.Debug|Any CPU.Build.0 = Debug|Any CPU
		{666433CD-3EC9-4D7E-9D56-AC3A46AECD90}.Release|Any CPU.ActiveCfg = Release|Any CPU
		{666433CD-3EC9-4D7E-9D56-AC3A46AECD90}.Release|Any CPU.Build.0 = Release|Any CPU
	EndGlobalSection
	GlobalSection(SolutionProperties) = preSolution
		HideSolutionNode = FALSE
	EndGlobalSection
	GlobalSection(ExtensibilityGlobals) = postSolution
		SolutionGuid = {DEB65952-5ADF-49B1-B7FE-CCCBBB1ECDC8}
	EndGlobalSection
EndGlobal
